
Microsoft Visual Studio Solution File, Format Version 12.00
# Visual Studio Version 17
VisualStudioVersion = 17.0.31423.177
MinimumVisualStudioVersion = 10.0.40219.1
Project("{FAE04EC0-301F-11D3-BF4B-00C04F79EFBC}") = "restsharp", "restsharp.csproj", "{7BF7791E-1159-4105-BEF0-1B9FFC80766F}"
EndProject
Global
	GlobalSection(SolutionConfigurationPlatforms) = preSolution
		Debug|Any CPU = Debug|Any CPU
		Release|Any CPU = Release|Any CPU
	EndGlobalSection
	GlobalSection(ProjectConfigurationPlatforms) = postSolution
		{7BF7791E-1159-4105-BEF0-1B9FFC80766F}.Debug|Any CPU.ActiveCfg = Debug|Any CPU
		{7BF7791E-1159-4105-BEF0-1B9FFC80766F}.Debug|Any CPU.Build.0 = Debug|Any CPU
		{7BF7791E-1159-4105-BEF0-1B9FFC80766F}.Release|Any CPU.ActiveCfg = Release|Any CPU
		{7BF7791E-1159-4105-BEF0-1B9FFC80766F}.Release|Any CPU.Build.0 = Release|Any CPU
	EndGlobalSection
	GlobalSection(SolutionProperties) = preSolution
		HideSolutionNode = FALSE
	EndGlobalSection
	GlobalSection(ExtensibilityGlobals) = postSolution
		SolutionGuid = {7DEE77BD-7162-41FB-B259-9F34252DA357}
	EndGlobalSection
EndGlobal
